
Microsoft Visual Studio Solution File, Format Version 12.00
# Visual Studio 15
VisualStudioVersion = 15.0.28010.2048
MinimumVisualStudioVersion = 10.0.40219.1
Project("{888888A0-9F3D-457C-B088-3A5042F75D52}") = "github.plotting-examples", "github.plotting-examples.pyproj", "{B1EA8484-E4F9-4B1D-8908-E914FE26D23F}"
EndProject
Global
	GlobalSection(SolutionConfigurationPlatforms) = preSolution
		Debug|Any CPU = Debug|Any CPU
		Release|Any CPU = Release|Any CPU
	EndGlobalSection
	GlobalSection(ProjectConfigurationPlatforms) = postSolution
		{B1EA8484-E4F9-4B1D-8908-E914FE26D23F}.Debug|Any CPU.ActiveCfg = Debug|Any CPU
		{B1EA8484-E4F9-4B1D-8908-E914FE26D23F}.Release|Any CPU.ActiveCfg = Release|Any CPU
	EndGlobalSection
	GlobalSection(SolutionProperties) = preSolution
		HideSolutionNode = FALSE
	EndGlobalSection
	GlobalSection(ExtensibilityGlobals) = postSolution
		SolutionGuid = {12F2146D-F230-434B-84AB-782D6C7E387A}
	EndGlobalSection
EndGlobal
